
Microsoft Visual Studio Solution File, Format Version 12.00
# Visual Studio 14
VisualStudioVersion = 14.0.25420.1
MinimumVisualStudioVersion = 10.0.40219.1
Project("{FAE04EC0-301F-11D3-BF4B-00C04F79EFBC}") = "euro_ims_printing", "euro_ims_printing\euro_ims_printing.csproj", "{4D5AB594-82C5-4F7B-96D8-E1ECA4DC5B2E}"
EndProject
Global
	GlobalSection(SolutionConfigurationPlatforms) = preSolution
		Debug|Any CPU = Debug|Any CPU
		Release|Any CPU = Release|Any CPU
	EndGlobalSection
	GlobalSection(ProjectConfigurationPlatforms) = postSolution
		{4D5AB594-82C5-4F7B-96D8-E1ECA4DC5B2E}.Debug|Any CPU.ActiveCfg = Debug|Any CPU
		{4D5AB594-82C5-4F7B-96D8-E1ECA4DC5B2E}.Debug|Any CPU.Build.0 = Debug|Any CPU
		{4D5AB594-82C5-4F7B-96D8-E1ECA4DC5B2E}.Release|Any CPU.ActiveCfg = Release|Any CPU
		{4D5AB594-82C5-4F7B-96D8-E1ECA4DC5B2E}.Release|Any CPU.Build.0 = Release|Any CPU
	EndGlobalSection
	GlobalSection(SolutionProperties) = preSolution
		HideSolutionNode = FALSE
	EndGlobalSection
EndGlobal
